// !$*UTF8*$!
{
	archiveVersion = 1;
	classes = {
	};
	objectVersion = 55;
	objects = {

/* Begin PBXBuildFile section */
		0059D712A961BD68B049D13F /* Pods_WBooks.framework in Frameworks */ = {isa = PBXBuildFile; fileRef = 166CEA8D481D54B6A0D90624 /* Pods_WBooks.framework */; };
		09CE135FA75FB443A302CA80 /* Pods_WBooksTests.framework in Frameworks */ = {isa = PBXBuildFile; fileRef = 66EC1D3294D64D1359D2C3D3 /* Pods_WBooksTests.framework */; };
		3F8A41CD743A174F859CBC48 /* Pods_WBooks_WBooksUITests.framework in Frameworks */ = {isa = PBXBuildFile; fileRef = 657969001D610F5E1CE1C283 /* Pods_WBooks_WBooksUITests.framework */; };
		D110BE2927F4963200EA28D9 /* User.swift in Sources */ = {isa = PBXBuildFile; fileRef = D110BE2827F4963200EA28D9 /* User.swift */; };
		D110BE2C27F496D200EA28D9 /* UserRepository.swift in Sources */ = {isa = PBXBuildFile; fileRef = D110BE2B27F496D200EA28D9 /* UserRepository.swift */; };
		D1150D6327CFEE9700BF7A5C /* LibraryViewController.swift in Sources */ = {isa = PBXBuildFile; fileRef = D1150D6227CFEE9700BF7A5C /* LibraryViewController.swift */; };
		D1150D6627D0F42600BF7A5C /* LibraryViewCell.swift in Sources */ = {isa = PBXBuildFile; fileRef = D1150D6427D0F42600BF7A5C /* LibraryViewCell.swift */; };
		D1150D6727D0F42600BF7A5C /* LibraryViewCell.xib in Resources */ = {isa = PBXBuildFile; fileRef = D1150D6527D0F42600BF7A5C /* LibraryViewCell.xib */; };
		D1156E39280498160029FAB8 /* BookCommentsCellModel.swift in Sources */ = {isa = PBXBuildFile; fileRef = D1156E38280498160029FAB8 /* BookCommentsCellModel.swift */; };
		D118F00027EE3675000FF5D6 /* BookDetailsViewController.swift in Sources */ = {isa = PBXBuildFile; fileRef = D118EFFF27EE3675000FF5D6 /* BookDetailsViewController.swift */; };
		D118F00227EE3692000FF5D6 /* BookDetailsViewModel.swift in Sources */ = {isa = PBXBuildFile; fileRef = D118F00127EE3692000FF5D6 /* BookDetailsViewModel.swift */; };
		D12DDD7E27EBAAFC00E58C77 /* BookDetailsView.xib in Resources */ = {isa = PBXBuildFile; fileRef = D12DDD7D27EBAAFC00E58C77 /* BookDetailsView.xib */; };
		D12DDD8027EBAB0C00E58C77 /* BookDetailsView.swift in Sources */ = {isa = PBXBuildFile; fileRef = D12DDD7F27EBAB0C00E58C77 /* BookDetailsView.swift */; };
		D13761CD27DFC5630078F1D0 /* Book.swift in Sources */ = {isa = PBXBuildFile; fileRef = D13761CC27DFC5630078F1D0 /* Book.swift */; };
		D13761D127DFCFC70078F1D0 /* LibraryViewModel.swift in Sources */ = {isa = PBXBuildFile; fileRef = D13761D027DFCFC70078F1D0 /* LibraryViewModel.swift */; };
		D13E89DD27E8EF75006995D9 /* LoginView.swift in Sources */ = {isa = PBXBuildFile; fileRef = D13E89DC27E8EF75006995D9 /* LoginView.swift */; };
		D13E89DF27E8EF8E006995D9 /* LoginView.xib in Resources */ = {isa = PBXBuildFile; fileRef = D13E89DE27E8EF8E006995D9 /* LoginView.xib */; };
		D14E68D927FB2AF8001F0849 /* ImageConstants.swift in Sources */ = {isa = PBXBuildFile; fileRef = D14E68D827FB2AF8001F0849 /* ImageConstants.swift */; };
		D18533A527FB8AD70022233A /* BookDetailsCardView.xib in Resources */ = {isa = PBXBuildFile; fileRef = D18533A427FB8AD70022233A /* BookDetailsCardView.xib */; };
		D18533A727FB8C580022233A /* BookCommentsCardView.xib in Resources */ = {isa = PBXBuildFile; fileRef = D18533A627FB8C580022233A /* BookCommentsCardView.xib */; };
		D187883727DA744C005399D4 /* Localizable.strings in Resources */ = {isa = PBXBuildFile; fileRef = D187883927DA744C005399D4 /* Localizable.strings */; };
		D187883C27DA8A5F005399D4 /* TabBarController.swift in Sources */ = {isa = PBXBuildFile; fileRef = D187883B27DA8A5F005399D4 /* TabBarController.swift */; };
		D19C956F27F37BC900064F91 /* BookCommentsCell.swift in Sources */ = {isa = PBXBuildFile; fileRef = D19C956D27F37BC900064F91 /* BookCommentsCell.swift */; };
		D19C957027F37BC900064F91 /* BookCommentsCell.xib in Resources */ = {isa = PBXBuildFile; fileRef = D19C956E27F37BC900064F91 /* BookCommentsCell.xib */; };
		D19C957227F3867700064F91 /* CommentRepository.swift in Sources */ = {isa = PBXBuildFile; fileRef = D19C957127F3867700064F91 /* CommentRepository.swift */; };
		D19C957427F386C000064F91 /* Comment.swift in Sources */ = {isa = PBXBuildFile; fileRef = D19C957327F386C000064F91 /* Comment.swift */; };
		D19C957727F38FE000064F91 /* ColorsConstants.swift in Sources */ = {isa = PBXBuildFile; fileRef = D19C957627F38FE000064F91 /* ColorsConstants.swift */; };
		D19F46C227F6335300C78465 /* BookDetailsCardView.swift in Sources */ = {isa = PBXBuildFile; fileRef = D19F46C127F6335300C78465 /* BookDetailsCardView.swift */; };
		D19F46C627F633B900C78465 /* BookDetailsCardViewController.swift in Sources */ = {isa = PBXBuildFile; fileRef = D19F46C527F633B900C78465 /* BookDetailsCardViewController.swift */; };
		D19F46C827F633DF00C78465 /* BookDetailsCardViewModel.swift in Sources */ = {isa = PBXBuildFile; fileRef = D19F46C727F633DF00C78465 /* BookDetailsCardViewModel.swift */; };
		D19F46CA27F648E300C78465 /* BookCommentsCardView.swift in Sources */ = {isa = PBXBuildFile; fileRef = D19F46C927F648E300C78465 /* BookCommentsCardView.swift */; };
		D19F46CE27F6490E00C78465 /* BookCommentsCardViewModel.swift in Sources */ = {isa = PBXBuildFile; fileRef = D19F46CD27F6490E00C78465 /* BookCommentsCardViewModel.swift */; };
		D19F46D027F6494400C78465 /* BookCommentsCardViewController.swift in Sources */ = {isa = PBXBuildFile; fileRef = D19F46CF27F6494400C78465 /* BookCommentsCardViewController.swift */; };
		D1B6033D27FF5BC00094063F /* ViewsExtensions.swift in Sources */ = {isa = PBXBuildFile; fileRef = D1B6033C27FF5BC00094063F /* ViewsExtensions.swift */; };
		D1B6033F27FF68250094063F /* ButtonsExtensions.swift in Sources */ = {isa = PBXBuildFile; fileRef = D1B6033E27FF68250094063F /* ButtonsExtensions.swift */; };
		D1CCAF7327E4F47500360B12 /* LibraryView.xib in Resources */ = {isa = PBXBuildFile; fileRef = D1CCAF7227E4F47500360B12 /* LibraryView.xib */; };
		D1CCAF7527E4F83A00360B12 /* LibraryView.swift in Sources */ = {isa = PBXBuildFile; fileRef = D1CCAF7427E4F83A00360B12 /* LibraryView.swift */; };
		D1CF93D627F204E4009E3F84 /* RentRepository.swift in Sources */ = {isa = PBXBuildFile; fileRef = D1CF93D527F204E4009E3F84 /* RentRepository.swift */; };
		D1CF93D827F2262A009E3F84 /* Rent.swift in Sources */ = {isa = PBXBuildFile; fileRef = D1CF93D727F2262A009E3F84 /* Rent.swift */; };
		D1CF93DA27F227D6009E3F84 /* RentResponse.swift in Sources */ = {isa = PBXBuildFile; fileRef = D1CF93D927F227D6009E3F84 /* RentResponse.swift */; };
		D1DC758A2799E69B002BB45E /* AppDelegate.swift in Sources */ = {isa = PBXBuildFile; fileRef = D1DC75892799E69B002BB45E /* AppDelegate.swift */; };
		D1DC758C2799E69B002BB45E /* SceneDelegate.swift in Sources */ = {isa = PBXBuildFile; fileRef = D1DC758B2799E69B002BB45E /* SceneDelegate.swift */; };
		D1DC758E2799E69B002BB45E /* LoginViewController.swift in Sources */ = {isa = PBXBuildFile; fileRef = D1DC758D2799E69B002BB45E /* LoginViewController.swift */; };
		D1DC75932799E6A3002BB45E /* Assets.xcassets in Resources */ = {isa = PBXBuildFile; fileRef = D1DC75922799E6A3002BB45E /* Assets.xcassets */; };
		D1DC75962799E6A3002BB45E /* LaunchScreen.storyboard in Resources */ = {isa = PBXBuildFile; fileRef = D1DC75942799E6A3002BB45E /* LaunchScreen.storyboard */; };
		D1DC75A12799E6A4002BB45E /* WBooksTests.swift in Sources */ = {isa = PBXBuildFile; fileRef = D1DC75A02799E6A4002BB45E /* WBooksTests.swift */; };
		D1DC75AB2799E6A4002BB45E /* WBooksUITests.swift in Sources */ = {isa = PBXBuildFile; fileRef = D1DC75AA2799E6A4002BB45E /* WBooksUITests.swift */; };
		D1DC75AD2799E6A4002BB45E /* WBooksUITestsLaunchTests.swift in Sources */ = {isa = PBXBuildFile; fileRef = D1DC75AC2799E6A4002BB45E /* WBooksUITestsLaunchTests.swift */; };
		D1F454DC27E9FD6C00EDD6CC /* BookRepository.swift in Sources */ = {isa = PBXBuildFile; fileRef = D1F454DB27E9FD6C00EDD6CC /* BookRepository.swift */; };
/* End PBXBuildFile section */

/* Begin PBXContainerItemProxy section */
		D1DC759D2799E6A4002BB45E /* PBXContainerItemProxy */ = {
			isa = PBXContainerItemProxy;
			containerPortal = D1DC757E2799E69B002BB45E /* Project object */;
			proxyType = 1;
			remoteGlobalIDString = D1DC75852799E69B002BB45E;
			remoteInfo = WBooks;
		};
		D1DC75A72799E6A4002BB45E /* PBXContainerItemProxy */ = {
			isa = PBXContainerItemProxy;
			containerPortal = D1DC757E2799E69B002BB45E /* Project object */;
			proxyType = 1;
			remoteGlobalIDString = D1DC75852799E69B002BB45E;
			remoteInfo = WBooks;
		};
/* End PBXContainerItemProxy section */

/* Begin PBXFileReference section */
		166CEA8D481D54B6A0D90624 /* Pods_WBooks.framework */ = {isa = PBXFileReference; explicitFileType = wrapper.framework; includeInIndex = 0; path = Pods_WBooks.framework; sourceTree = BUILT_PRODUCTS_DIR; };
		19B6FA304254D4AF4F66B1D5 /* Pods-WBooks-WBooksUITests.debug.xcconfig */ = {isa = PBXFileReference; includeInIndex = 1; lastKnownFileType = text.xcconfig; name = "Pods-WBooks-WBooksUITests.debug.xcconfig"; path = "Target Support Files/Pods-WBooks-WBooksUITests/Pods-WBooks-WBooksUITests.debug.xcconfig"; sourceTree = "<group>"; };
		1CCC6604E69DDCBFB733402B /* Pods-WBooks-WBooksUITests.release.xcconfig */ = {isa = PBXFileReference; includeInIndex = 1; lastKnownFileType = text.xcconfig; name = "Pods-WBooks-WBooksUITests.release.xcconfig"; path = "Target Support Files/Pods-WBooks-WBooksUITests/Pods-WBooks-WBooksUITests.release.xcconfig"; sourceTree = "<group>"; };
		30A0B9DD64F1CDA05C6D688A /* Pods-WBooksTests.release.xcconfig */ = {isa = PBXFileReference; includeInIndex = 1; lastKnownFileType = text.xcconfig; name = "Pods-WBooksTests.release.xcconfig"; path = "Target Support Files/Pods-WBooksTests/Pods-WBooksTests.release.xcconfig"; sourceTree = "<group>"; };
		37FCB45506521D9C12778141 /* Pods-WBooks.release.xcconfig */ = {isa = PBXFileReference; includeInIndex = 1; lastKnownFileType = text.xcconfig; name = "Pods-WBooks.release.xcconfig"; path = "Target Support Files/Pods-WBooks/Pods-WBooks.release.xcconfig"; sourceTree = "<group>"; };
		58945B4CC189852C13151444 /* Pods-WBooks.debug.xcconfig */ = {isa = PBXFileReference; includeInIndex = 1; lastKnownFileType = text.xcconfig; name = "Pods-WBooks.debug.xcconfig"; path = "Target Support Files/Pods-WBooks/Pods-WBooks.debug.xcconfig"; sourceTree = "<group>"; };
		657969001D610F5E1CE1C283 /* Pods_WBooks_WBooksUITests.framework */ = {isa = PBXFileReference; explicitFileType = wrapper.framework; includeInIndex = 0; path = Pods_WBooks_WBooksUITests.framework; sourceTree = BUILT_PRODUCTS_DIR; };
		66EC1D3294D64D1359D2C3D3 /* Pods_WBooksTests.framework */ = {isa = PBXFileReference; explicitFileType = wrapper.framework; includeInIndex = 0; path = Pods_WBooksTests.framework; sourceTree = BUILT_PRODUCTS_DIR; };
		D110BE2827F4963200EA28D9 /* User.swift */ = {isa = PBXFileReference; lastKnownFileType = sourcecode.swift; path = User.swift; sourceTree = "<group>"; };
		D110BE2B27F496D200EA28D9 /* UserRepository.swift */ = {isa = PBXFileReference; lastKnownFileType = sourcecode.swift; path = UserRepository.swift; sourceTree = "<group>"; };
		D1150D6227CFEE9700BF7A5C /* LibraryViewController.swift */ = {isa = PBXFileReference; lastKnownFileType = sourcecode.swift; path = LibraryViewController.swift; sourceTree = "<group>"; };
		D1150D6427D0F42600BF7A5C /* LibraryViewCell.swift */ = {isa = PBXFileReference; lastKnownFileType = sourcecode.swift; path = LibraryViewCell.swift; sourceTree = "<group>"; };
		D1150D6527D0F42600BF7A5C /* LibraryViewCell.xib */ = {isa = PBXFileReference; lastKnownFileType = file.xib; path = LibraryViewCell.xib; sourceTree = "<group>"; };
		D1156E38280498160029FAB8 /* BookCommentsCellModel.swift */ = {isa = PBXFileReference; lastKnownFileType = sourcecode.swift; path = BookCommentsCellModel.swift; sourceTree = "<group>"; };
		D118EFFF27EE3675000FF5D6 /* BookDetailsViewController.swift */ = {isa = PBXFileReference; lastKnownFileType = sourcecode.swift; path = BookDetailsViewController.swift; sourceTree = "<group>"; };
		D118F00127EE3692000FF5D6 /* BookDetailsViewModel.swift */ = {isa = PBXFileReference; lastKnownFileType = sourcecode.swift; path = BookDetailsViewModel.swift; sourceTree = "<group>"; };
		D12DDD7D27EBAAFC00E58C77 /* BookDetailsView.xib */ = {isa = PBXFileReference; lastKnownFileType = file.xib; path = BookDetailsView.xib; sourceTree = "<group>"; };
		D12DDD7F27EBAB0C00E58C77 /* BookDetailsView.swift */ = {isa = PBXFileReference; lastKnownFileType = sourcecode.swift; path = BookDetailsView.swift; sourceTree = "<group>"; };
		D13761CC27DFC5630078F1D0 /* Book.swift */ = {isa = PBXFileReference; lastKnownFileType = sourcecode.swift; path = Book.swift; sourceTree = "<group>"; };
		D13761D027DFCFC70078F1D0 /* LibraryViewModel.swift */ = {isa = PBXFileReference; lastKnownFileType = sourcecode.swift; path = LibraryViewModel.swift; sourceTree = "<group>"; };
		D13E89DC27E8EF75006995D9 /* LoginView.swift */ = {isa = PBXFileReference; lastKnownFileType = sourcecode.swift; path = LoginView.swift; sourceTree = "<group>"; };
		D13E89DE27E8EF8E006995D9 /* LoginView.xib */ = {isa = PBXFileReference; lastKnownFileType = file.xib; path = LoginView.xib; sourceTree = "<group>"; };
		D14E68D827FB2AF8001F0849 /* ImageConstants.swift */ = {isa = PBXFileReference; lastKnownFileType = sourcecode.swift; path = ImageConstants.swift; sourceTree = "<group>"; };
		D18533A427FB8AD70022233A /* BookDetailsCardView.xib */ = {isa = PBXFileReference; lastKnownFileType = file.xib; path = BookDetailsCardView.xib; sourceTree = "<group>"; };
		D18533A627FB8C580022233A /* BookCommentsCardView.xib */ = {isa = PBXFileReference; lastKnownFileType = file.xib; path = BookCommentsCardView.xib; sourceTree = "<group>"; };
		D187883827DA744C005399D4 /* en */ = {isa = PBXFileReference; lastKnownFileType = text.plist.strings; name = en; path = en.lproj/Localizable.strings; sourceTree = "<group>"; };
		D187883A27DA7533005399D4 /* es */ = {isa = PBXFileReference; lastKnownFileType = text.plist.strings; name = es; path = es.lproj/Localizable.strings; sourceTree = "<group>"; };
		D187883B27DA8A5F005399D4 /* TabBarController.swift */ = {isa = PBXFileReference; lastKnownFileType = sourcecode.swift; path = TabBarController.swift; sourceTree = "<group>"; };
		D19C956D27F37BC900064F91 /* BookCommentsCell.swift */ = {isa = PBXFileReference; lastKnownFileType = sourcecode.swift; path = BookCommentsCell.swift; sourceTree = "<group>"; };
		D19C956E27F37BC900064F91 /* BookCommentsCell.xib */ = {isa = PBXFileReference; lastKnownFileType = file.xib; path = BookCommentsCell.xib; sourceTree = "<group>"; };
		D19C957127F3867700064F91 /* CommentRepository.swift */ = {isa = PBXFileReference; lastKnownFileType = sourcecode.swift; path = CommentRepository.swift; sourceTree = "<group>"; };
		D19C957327F386C000064F91 /* Comment.swift */ = {isa = PBXFileReference; lastKnownFileType = sourcecode.swift; path = Comment.swift; sourceTree = "<group>"; };
		D19C957627F38FE000064F91 /* ColorsConstants.swift */ = {isa = PBXFileReference; lastKnownFileType = sourcecode.swift; path = ColorsConstants.swift; sourceTree = "<group>"; };
		D19F46C127F6335300C78465 /* BookDetailsCardView.swift */ = {isa = PBXFileReference; lastKnownFileType = sourcecode.swift; path = BookDetailsCardView.swift; sourceTree = "<group>"; };
		D19F46C527F633B900C78465 /* BookDetailsCardViewController.swift */ = {isa = PBXFileReference; lastKnownFileType = sourcecode.swift; path = BookDetailsCardViewController.swift; sourceTree = "<group>"; };
		D19F46C727F633DF00C78465 /* BookDetailsCardViewModel.swift */ = {isa = PBXFileReference; lastKnownFileType = sourcecode.swift; path = BookDetailsCardViewModel.swift; sourceTree = "<group>"; };
		D19F46C927F648E300C78465 /* BookCommentsCardView.swift */ = {isa = PBXFileReference; lastKnownFileType = sourcecode.swift; path = BookCommentsCardView.swift; sourceTree = "<group>"; };
		D19F46CD27F6490E00C78465 /* BookCommentsCardViewModel.swift */ = {isa = PBXFileReference; lastKnownFileType = sourcecode.swift; path = BookCommentsCardViewModel.swift; sourceTree = "<group>"; };
		D19F46CF27F6494400C78465 /* BookCommentsCardViewController.swift */ = {isa = PBXFileReference; lastKnownFileType = sourcecode.swift; path = BookCommentsCardViewController.swift; sourceTree = "<group>"; };
		D1B6033C27FF5BC00094063F /* ViewsExtensions.swift */ = {isa = PBXFileReference; lastKnownFileType = sourcecode.swift; path = ViewsExtensions.swift; sourceTree = "<group>"; };
		D1B6033E27FF68250094063F /* ButtonsExtensions.swift */ = {isa = PBXFileReference; lastKnownFileType = sourcecode.swift; path = ButtonsExtensions.swift; sourceTree = "<group>"; };
		D1CCAF7227E4F47500360B12 /* LibraryView.xib */ = {isa = PBXFileReference; lastKnownFileType = file.xib; path = LibraryView.xib; sourceTree = "<group>"; };
		D1CCAF7427E4F83A00360B12 /* LibraryView.swift */ = {isa = PBXFileReference; lastKnownFileType = sourcecode.swift; path = LibraryView.swift; sourceTree = "<group>"; };
		D1CF93D527F204E4009E3F84 /* RentRepository.swift */ = {isa = PBXFileReference; lastKnownFileType = sourcecode.swift; path = RentRepository.swift; sourceTree = "<group>"; };
		D1CF93D727F2262A009E3F84 /* Rent.swift */ = {isa = PBXFileReference; lastKnownFileType = sourcecode.swift; path = Rent.swift; sourceTree = "<group>"; };
		D1CF93D927F227D6009E3F84 /* RentResponse.swift */ = {isa = PBXFileReference; lastKnownFileType = sourcecode.swift; path = RentResponse.swift; sourceTree = "<group>"; };
		D1DC75862799E69B002BB45E /* WBooks.app */ = {isa = PBXFileReference; explicitFileType = wrapper.application; includeInIndex = 0; path = WBooks.app; sourceTree = BUILT_PRODUCTS_DIR; };
		D1DC75892799E69B002BB45E /* AppDelegate.swift */ = {isa = PBXFileReference; lastKnownFileType = sourcecode.swift; path = AppDelegate.swift; sourceTree = "<group>"; };
		D1DC758B2799E69B002BB45E /* SceneDelegate.swift */ = {isa = PBXFileReference; lastKnownFileType = sourcecode.swift; path = SceneDelegate.swift; sourceTree = "<group>"; };
		D1DC758D2799E69B002BB45E /* LoginViewController.swift */ = {isa = PBXFileReference; lastKnownFileType = sourcecode.swift; path = LoginViewController.swift; sourceTree = "<group>"; };
		D1DC75922799E6A3002BB45E /* Assets.xcassets */ = {isa = PBXFileReference; lastKnownFileType = folder.assetcatalog; path = Assets.xcassets; sourceTree = "<group>"; };
		D1DC75952799E6A3002BB45E /* Base */ = {isa = PBXFileReference; lastKnownFileType = file.storyboard; name = Base; path = Base.lproj/LaunchScreen.storyboard; sourceTree = "<group>"; };
		D1DC75972799E6A3002BB45E /* Info.plist */ = {isa = PBXFileReference; lastKnownFileType = text.plist.xml; path = Info.plist; sourceTree = "<group>"; };
		D1DC759C2799E6A4002BB45E /* WBooksTests.xctest */ = {isa = PBXFileReference; explicitFileType = wrapper.cfbundle; includeInIndex = 0; path = WBooksTests.xctest; sourceTree = BUILT_PRODUCTS_DIR; };
		D1DC75A02799E6A4002BB45E /* WBooksTests.swift */ = {isa = PBXFileReference; lastKnownFileType = sourcecode.swift; path = WBooksTests.swift; sourceTree = "<group>"; };
		D1DC75A62799E6A4002BB45E /* WBooksUITests.xctest */ = {isa = PBXFileReference; explicitFileType = wrapper.cfbundle; includeInIndex = 0; path = WBooksUITests.xctest; sourceTree = BUILT_PRODUCTS_DIR; };
		D1DC75AA2799E6A4002BB45E /* WBooksUITests.swift */ = {isa = PBXFileReference; lastKnownFileType = sourcecode.swift; path = WBooksUITests.swift; sourceTree = "<group>"; };
		D1DC75AC2799E6A4002BB45E /* WBooksUITestsLaunchTests.swift */ = {isa = PBXFileReference; lastKnownFileType = sourcecode.swift; path = WBooksUITestsLaunchTests.swift; sourceTree = "<group>"; };
		D1F454DB27E9FD6C00EDD6CC /* BookRepository.swift */ = {isa = PBXFileReference; lastKnownFileType = sourcecode.swift; path = BookRepository.swift; sourceTree = "<group>"; };
		D9CED803FF2189668337C586 /* Pods-WBooksTests.debug.xcconfig */ = {isa = PBXFileReference; includeInIndex = 1; lastKnownFileType = text.xcconfig; name = "Pods-WBooksTests.debug.xcconfig"; path = "Target Support Files/Pods-WBooksTests/Pods-WBooksTests.debug.xcconfig"; sourceTree = "<group>"; };
/* End PBXFileReference section */

/* Begin PBXFrameworksBuildPhase section */
		D1DC75832799E69B002BB45E /* Frameworks */ = {
			isa = PBXFrameworksBuildPhase;
			buildActionMask = 2147483647;
			files = (
				0059D712A961BD68B049D13F /* Pods_WBooks.framework in Frameworks */,
			);
			runOnlyForDeploymentPostprocessing = 0;
		};
		D1DC75992799E6A4002BB45E /* Frameworks */ = {
			isa = PBXFrameworksBuildPhase;
			buildActionMask = 2147483647;
			files = (
				09CE135FA75FB443A302CA80 /* Pods_WBooksTests.framework in Frameworks */,
			);
			runOnlyForDeploymentPostprocessing = 0;
		};
		D1DC75A32799E6A4002BB45E /* Frameworks */ = {
			isa = PBXFrameworksBuildPhase;
			buildActionMask = 2147483647;
			files = (
				3F8A41CD743A174F859CBC48 /* Pods_WBooks_WBooksUITests.framework in Frameworks */,
			);
			runOnlyForDeploymentPostprocessing = 0;
		};
/* End PBXFrameworksBuildPhase section */

/* Begin PBXGroup section */
		B737C074F3C1B4CDE1F587E5 /* Pods */ = {
			isa = PBXGroup;
			children = (
				58945B4CC189852C13151444 /* Pods-WBooks.debug.xcconfig */,
				37FCB45506521D9C12778141 /* Pods-WBooks.release.xcconfig */,
				19B6FA304254D4AF4F66B1D5 /* Pods-WBooks-WBooksUITests.debug.xcconfig */,
				1CCC6604E69DDCBFB733402B /* Pods-WBooks-WBooksUITests.release.xcconfig */,
				D9CED803FF2189668337C586 /* Pods-WBooksTests.debug.xcconfig */,
				30A0B9DD64F1CDA05C6D688A /* Pods-WBooksTests.release.xcconfig */,
			);
			path = Pods;
			sourceTree = "<group>";
		};
		D110BE2A27F496BE00EA28D9 /* UserRepository */ = {
			isa = PBXGroup;
			children = (
				D110BE2B27F496D200EA28D9 /* UserRepository.swift */,
			);
			path = UserRepository;
			sourceTree = "<group>";
		};
		D1156E37280468160029FAB8 /* SuggestBook */ = {
			isa = PBXGroup;
			children = (
			);
			path = SuggestBook;
			sourceTree = "<group>";
		};
		D12DDD7C27EBAACB00E58C77 /* BookDetails */ = {
			isa = PBXGroup;
			children = (
				D19F46C027F632F000C78465 /* BookDetailsCard */,
				D19F46BF27F632DE00C78465 /* BookCommentsCard */,
				D12DDD7D27EBAAFC00E58C77 /* BookDetailsView.xib */,
				D12DDD7F27EBAB0C00E58C77 /* BookDetailsView.swift */,
				D118EFFF27EE3675000FF5D6 /* BookDetailsViewController.swift */,
				D118F00127EE3692000FF5D6 /* BookDetailsViewModel.swift */,
			);
			path = BookDetails;
			sourceTree = "<group>";
		};
		D13761CB27DFC5480078F1D0 /* Models */ = {
			isa = PBXGroup;
			children = (
				D13761CC27DFC5630078F1D0 /* Book.swift */,
				D1CF93D727F2262A009E3F84 /* Rent.swift */,
				D1CF93D927F227D6009E3F84 /* RentResponse.swift */,
				D19C957327F386C000064F91 /* Comment.swift */,
				D110BE2827F4963200EA28D9 /* User.swift */,
			);
			path = Models;
			sourceTree = "<group>";
		};
		D13761CE27DFC7F20078F1D0 /* Library */ = {
			isa = PBXGroup;
			children = (
				D1150D6227CFEE9700BF7A5C /* LibraryViewController.swift */,
				D1CCAF7227E4F47500360B12 /* LibraryView.xib */,
				D1CCAF7427E4F83A00360B12 /* LibraryView.swift */,
				D13761CF27DFC7FF0078F1D0 /* BookCell */,
			);
			path = Library;
			sourceTree = "<group>";
		};
		D13761CF27DFC7FF0078F1D0 /* BookCell */ = {
			isa = PBXGroup;
			children = (
				D1150D6427D0F42600BF7A5C /* LibraryViewCell.swift */,
				D1150D6527D0F42600BF7A5C /* LibraryViewCell.xib */,
				D13761D027DFCFC70078F1D0 /* LibraryViewModel.swift */,
			);
			path = BookCell;
			sourceTree = "<group>";
		};
		D19C956C27F37B6700064F91 /* BookCommentsCell */ = {
			isa = PBXGroup;
			children = (
				D19C956D27F37BC900064F91 /* BookCommentsCell.swift */,
				D19C956E27F37BC900064F91 /* BookCommentsCell.xib */,
				D1156E38280498160029FAB8 /* BookCommentsCellModel.swift */,
			);
			path = BookCommentsCell;
			sourceTree = "<group>";
		};
		D19C957527F38FC300064F91 /* Constants */ = {
			isa = PBXGroup;
			children = (
				D19C957627F38FE000064F91 /* ColorsConstants.swift */,
				D14E68D827FB2AF8001F0849 /* ImageConstants.swift */,
			);
			path = Constants;
			sourceTree = "<group>";
		};
		D19F46BF27F632DE00C78465 /* BookCommentsCard */ = {
			isa = PBXGroup;
			children = (
				D19C956C27F37B6700064F91 /* BookCommentsCell */,
				D19F46C927F648E300C78465 /* BookCommentsCardView.swift */,
				D19F46CD27F6490E00C78465 /* BookCommentsCardViewModel.swift */,
				D19F46CF27F6494400C78465 /* BookCommentsCardViewController.swift */,
				D18533A627FB8C580022233A /* BookCommentsCardView.xib */,
			);
			path = BookCommentsCard;
			sourceTree = "<group>";
		};
		D19F46C027F632F000C78465 /* BookDetailsCard */ = {
			isa = PBXGroup;
			children = (
				D19F46C127F6335300C78465 /* BookDetailsCardView.swift */,
				D19F46C527F633B900C78465 /* BookDetailsCardViewController.swift */,
				D19F46C727F633DF00C78465 /* BookDetailsCardViewModel.swift */,
				D18533A427FB8AD70022233A /* BookDetailsCardView.xib */,
			);
			path = BookDetailsCard;
			sourceTree = "<group>";
		};
		D1B6033B27FF5BA20094063F /* Extensions */ = {
			isa = PBXGroup;
			children = (
				D1B6033C27FF5BC00094063F /* ViewsExtensions.swift */,
				D1B6033E27FF68250094063F /* ButtonsExtensions.swift */,
			);
			path = Extensions;
			sourceTree = "<group>";
		};
		D1CCAF7627E4FA9000360B12 /* Login */ = {
			isa = PBXGroup;
			children = (
				D1DC758D2799E69B002BB45E /* LoginViewController.swift */,
				D13E89DC27E8EF75006995D9 /* LoginView.swift */,
				D13E89DE27E8EF8E006995D9 /* LoginView.xib */,
			);
			path = Login;
			sourceTree = "<group>";
		};
		D1DC757D2799E69B002BB45E = {
			isa = PBXGroup;
			children = (
				D1DC75882799E69B002BB45E /* WBooks */,
				D1DC759F2799E6A4002BB45E /* WBooksTests */,
				D1DC75A92799E6A4002BB45E /* WBooksUITests */,
				D1DC75872799E69B002BB45E /* Products */,
				B737C074F3C1B4CDE1F587E5 /* Pods */,
				F73B828AEF91DCA468E469C4 /* Frameworks */,
			);
			sourceTree = "<group>";
		};
		D1DC75872799E69B002BB45E /* Products */ = {
			isa = PBXGroup;
			children = (
				D1DC75862799E69B002BB45E /* WBooks.app */,
				D1DC759C2799E6A4002BB45E /* WBooksTests.xctest */,
				D1DC75A62799E6A4002BB45E /* WBooksUITests.xctest */,
			);
			name = Products;
			sourceTree = "<group>";
		};
		D1DC75882799E69B002BB45E /* WBooks */ = {
			isa = PBXGroup;
			children = (
				D1156E37280468160029FAB8 /* SuggestBook */,
				D1B6033B27FF5BA20094063F /* Extensions */,
				D19C957527F38FC300064F91 /* Constants */,
				D110BE2A27F496BE00EA28D9 /* UserRepository */,
				D12DDD7C27EBAACB00E58C77 /* BookDetails */,
				D1F454DA27E9FD4600EDD6CC /* BookRepository */,
				D1CCAF7627E4FA9000360B12 /* Login */,
				D13761CE27DFC7F20078F1D0 /* Library */,
				D13761CB27DFC5480078F1D0 /* Models */,
				D1DC75892799E69B002BB45E /* AppDelegate.swift */,
				D1DC758B2799E69B002BB45E /* SceneDelegate.swift */,
				D1DC75922799E6A3002BB45E /* Assets.xcassets */,
				D1DC75942799E6A3002BB45E /* LaunchScreen.storyboard */,
				D1DC75972799E6A3002BB45E /* Info.plist */,
				D187883927DA744C005399D4 /* Localizable.strings */,
				D187883B27DA8A5F005399D4 /* TabBarController.swift */,
			);
			path = WBooks;
			sourceTree = "<group>";
		};
		D1DC759F2799E6A4002BB45E /* WBooksTests */ = {
			isa = PBXGroup;
			children = (
				D1DC75A02799E6A4002BB45E /* WBooksTests.swift */,
			);
			path = WBooksTests;
			sourceTree = "<group>";
		};
		D1DC75A92799E6A4002BB45E /* WBooksUITests */ = {
			isa = PBXGroup;
			children = (
				D1DC75AA2799E6A4002BB45E /* WBooksUITests.swift */,
				D1DC75AC2799E6A4002BB45E /* WBooksUITestsLaunchTests.swift */,
			);
			path = WBooksUITests;
			sourceTree = "<group>";
		};
		D1F454DA27E9FD4600EDD6CC /* BookRepository */ = {
			isa = PBXGroup;
			children = (
				D1F454DB27E9FD6C00EDD6CC /* BookRepository.swift */,
				D1CF93D527F204E4009E3F84 /* RentRepository.swift */,
				D19C957127F3867700064F91 /* CommentRepository.swift */,
			);
			path = BookRepository;
			sourceTree = "<group>";
		};
		F73B828AEF91DCA468E469C4 /* Frameworks */ = {
			isa = PBXGroup;
			children = (
				166CEA8D481D54B6A0D90624 /* Pods_WBooks.framework */,
				657969001D610F5E1CE1C283 /* Pods_WBooks_WBooksUITests.framework */,
				66EC1D3294D64D1359D2C3D3 /* Pods_WBooksTests.framework */,
			);
			name = Frameworks;
			sourceTree = "<group>";
		};
/* End PBXGroup section */

/* Begin PBXNativeTarget section */
		D1DC75852799E69B002BB45E /* WBooks */ = {
			isa = PBXNativeTarget;
			buildConfigurationList = D1DC75B02799E6A4002BB45E /* Build configuration list for PBXNativeTarget "WBooks" */;
			buildPhases = (
				847607472D6927B63778FD3C /* [CP] Check Pods Manifest.lock */,
				D1DC75822799E69B002BB45E /* Sources */,
				D1DC75832799E69B002BB45E /* Frameworks */,
				D1DC75842799E69B002BB45E /* Resources */,
				D32E9228794A9D6336775739 /* [CP] Embed Pods Frameworks */,
				D13761D227E0D3470078F1D0 /* ShellScript */,
			);
			buildRules = (
			);
			dependencies = (
			);
			name = WBooks;
			productName = WBooks;
			productReference = D1DC75862799E69B002BB45E /* WBooks.app */;
			productType = "com.apple.product-type.application";
		};
		D1DC759B2799E6A4002BB45E /* WBooksTests */ = {
			isa = PBXNativeTarget;
			buildConfigurationList = D1DC75B32799E6A4002BB45E /* Build configuration list for PBXNativeTarget "WBooksTests" */;
			buildPhases = (
				292C1731A355B326D61C44B4 /* [CP] Check Pods Manifest.lock */,
				D1DC75982799E6A4002BB45E /* Sources */,
				D1DC75992799E6A4002BB45E /* Frameworks */,
				D1DC759A2799E6A4002BB45E /* Resources */,
			);
			buildRules = (
			);
			dependencies = (
				D1DC759E2799E6A4002BB45E /* PBXTargetDependency */,
			);
			name = WBooksTests;
			productName = WBooksTests;
			productReference = D1DC759C2799E6A4002BB45E /* WBooksTests.xctest */;
			productType = "com.apple.product-type.bundle.unit-test";
		};
		D1DC75A52799E6A4002BB45E /* WBooksUITests */ = {
			isa = PBXNativeTarget;
			buildConfigurationList = D1DC75B62799E6A4002BB45E /* Build configuration list for PBXNativeTarget "WBooksUITests" */;
			buildPhases = (
				0AFFB3B2AE9041898CADC77A /* [CP] Check Pods Manifest.lock */,
				D1DC75A22799E6A4002BB45E /* Sources */,
				D1DC75A32799E6A4002BB45E /* Frameworks */,
				D1DC75A42799E6A4002BB45E /* Resources */,
				2C2785CE6AF3BE55B8EC9862 /* [CP] Embed Pods Frameworks */,
			);
			buildRules = (
			);
			dependencies = (
				D1DC75A82799E6A4002BB45E /* PBXTargetDependency */,
			);
			name = WBooksUITests;
			productName = WBooksUITests;
			productReference = D1DC75A62799E6A4002BB45E /* WBooksUITests.xctest */;
			productType = "com.apple.product-type.bundle.ui-testing";
		};
/* End PBXNativeTarget section */

/* Begin PBXProject section */
		D1DC757E2799E69B002BB45E /* Project object */ = {
			isa = PBXProject;
			attributes = {
				BuildIndependentTargetsInParallel = YES;
				LastSwiftUpdateCheck = 1320;
				LastUpgradeCheck = 1320;
				TargetAttributes = {
					D1DC75852799E69B002BB45E = {
						CreatedOnToolsVersion = 13.2.1;
					};
					D1DC759B2799E6A4002BB45E = {
						CreatedOnToolsVersion = 13.2.1;
						TestTargetID = D1DC75852799E69B002BB45E;
					};
					D1DC75A52799E6A4002BB45E = {
						CreatedOnToolsVersion = 13.2.1;
						TestTargetID = D1DC75852799E69B002BB45E;
					};
				};
			};
			buildConfigurationList = D1DC75812799E69B002BB45E /* Build configuration list for PBXProject "WBooks" */;
			compatibilityVersion = "Xcode 13.0";
			developmentRegion = en;
			hasScannedForEncodings = 0;
			knownRegions = (
				en,
				Base,
				es,
			);
			mainGroup = D1DC757D2799E69B002BB45E;
			productRefGroup = D1DC75872799E69B002BB45E /* Products */;
			projectDirPath = "";
			projectRoot = "";
			targets = (
				D1DC75852799E69B002BB45E /* WBooks */,
				D1DC759B2799E6A4002BB45E /* WBooksTests */,
				D1DC75A52799E6A4002BB45E /* WBooksUITests */,
			);
		};
/* End PBXProject section */

/* Begin PBXResourcesBuildPhase section */
		D1DC75842799E69B002BB45E /* Resources */ = {
			isa = PBXResourcesBuildPhase;
			buildActionMask = 2147483647;
			files = (
				D1CCAF7327E4F47500360B12 /* LibraryView.xib in Resources */,
				D1150D6727D0F42600BF7A5C /* LibraryViewCell.xib in Resources */,
				D18533A527FB8AD70022233A /* BookDetailsCardView.xib in Resources */,
				D18533A727FB8C580022233A /* BookCommentsCardView.xib in Resources */,
				D187883727DA744C005399D4 /* Localizable.strings in Resources */,
				D13E89DF27E8EF8E006995D9 /* LoginView.xib in Resources */,
				D1DC75962799E6A3002BB45E /* LaunchScreen.storyboard in Resources */,
				D1DC75932799E6A3002BB45E /* Assets.xcassets in Resources */,
				D19C957027F37BC900064F91 /* BookCommentsCell.xib in Resources */,
				D12DDD7E27EBAAFC00E58C77 /* BookDetailsView.xib in Resources */,
			);
			runOnlyForDeploymentPostprocessing = 0;
		};
		D1DC759A2799E6A4002BB45E /* Resources */ = {
			isa = PBXResourcesBuildPhase;
			buildActionMask = 2147483647;
			files = (
			);
			runOnlyForDeploymentPostprocessing = 0;
		};
		D1DC75A42799E6A4002BB45E /* Resources */ = {
			isa = PBXResourcesBuildPhase;
			buildActionMask = 2147483647;
			files = (
			);
			runOnlyForDeploymentPostprocessing = 0;
		};
/* End PBXResourcesBuildPhase section */

/* Begin PBXShellScriptBuildPhase section */
		0AFFB3B2AE9041898CADC77A /* [CP] Check Pods Manifest.lock */ = {
			isa = PBXShellScriptBuildPhase;
			buildActionMask = 2147483647;
			files = (
			);
			inputFileListPaths = (
			);
			inputPaths = (
				"${PODS_PODFILE_DIR_PATH}/Podfile.lock",
				"${PODS_ROOT}/Manifest.lock",
			);
			name = "[CP] Check Pods Manifest.lock";
			outputFileListPaths = (
			);
			outputPaths = (
				"$(DERIVED_FILE_DIR)/Pods-WBooks-WBooksUITests-checkManifestLockResult.txt",
			);
			runOnlyForDeploymentPostprocessing = 0;
			shellPath = /bin/sh;
			shellScript = "diff \"${PODS_PODFILE_DIR_PATH}/Podfile.lock\" \"${PODS_ROOT}/Manifest.lock\" > /dev/null\nif [ $? != 0 ] ; then\n    # print error to STDERR\n    echo \"error: The sandbox is not in sync with the Podfile.lock. Run 'pod install' or update your CocoaPods installation.\" >&2\n    exit 1\nfi\n# This output is used by Xcode 'outputs' to avoid re-running this script phase.\necho \"SUCCESS\" > \"${SCRIPT_OUTPUT_FILE_0}\"\n";
			showEnvVarsInLog = 0;
		};
		292C1731A355B326D61C44B4 /* [CP] Check Pods Manifest.lock */ = {
			isa = PBXShellScriptBuildPhase;
			buildActionMask = 2147483647;
			files = (
			);
			inputFileListPaths = (
			);
			inputPaths = (
				"${PODS_PODFILE_DIR_PATH}/Podfile.lock",
				"${PODS_ROOT}/Manifest.lock",
			);
			name = "[CP] Check Pods Manifest.lock";
			outputFileListPaths = (
			);
			outputPaths = (
				"$(DERIVED_FILE_DIR)/Pods-WBooksTests-checkManifestLockResult.txt",
			);
			runOnlyForDeploymentPostprocessing = 0;
			shellPath = /bin/sh;
			shellScript = "diff \"${PODS_PODFILE_DIR_PATH}/Podfile.lock\" \"${PODS_ROOT}/Manifest.lock\" > /dev/null\nif [ $? != 0 ] ; then\n    # print error to STDERR\n    echo \"error: The sandbox is not in sync with the Podfile.lock. Run 'pod install' or update your CocoaPods installation.\" >&2\n    exit 1\nfi\n# This output is used by Xcode 'outputs' to avoid re-running this script phase.\necho \"SUCCESS\" > \"${SCRIPT_OUTPUT_FILE_0}\"\n";
			showEnvVarsInLog = 0;
		};
		2C2785CE6AF3BE55B8EC9862 /* [CP] Embed Pods Frameworks */ = {
			isa = PBXShellScriptBuildPhase;
			buildActionMask = 2147483647;
			files = (
			);
			inputFileListPaths = (
				"${PODS_ROOT}/Target Support Files/Pods-WBooks-WBooksUITests/Pods-WBooks-WBooksUITests-frameworks-${CONFIGURATION}-input-files.xcfilelist",
			);
			name = "[CP] Embed Pods Frameworks";
			outputFileListPaths = (
				"${PODS_ROOT}/Target Support Files/Pods-WBooks-WBooksUITests/Pods-WBooks-WBooksUITests-frameworks-${CONFIGURATION}-output-files.xcfilelist",
			);
			runOnlyForDeploymentPostprocessing = 0;
			shellPath = /bin/sh;
			shellScript = "\"${PODS_ROOT}/Target Support Files/Pods-WBooks-WBooksUITests/Pods-WBooks-WBooksUITests-frameworks.sh\"\n";
			showEnvVarsInLog = 0;
		};
		847607472D6927B63778FD3C /* [CP] Check Pods Manifest.lock */ = {
			isa = PBXShellScriptBuildPhase;
			buildActionMask = 2147483647;
			files = (
			);
			inputFileListPaths = (
			);
			inputPaths = (
				"${PODS_PODFILE_DIR_PATH}/Podfile.lock",
				"${PODS_ROOT}/Manifest.lock",
			);
			name = "[CP] Check Pods Manifest.lock";
			outputFileListPaths = (
			);
			outputPaths = (
				"$(DERIVED_FILE_DIR)/Pods-WBooks-checkManifestLockResult.txt",
			);
			runOnlyForDeploymentPostprocessing = 0;
			shellPath = /bin/sh;
			shellScript = "diff \"${PODS_PODFILE_DIR_PATH}/Podfile.lock\" \"${PODS_ROOT}/Manifest.lock\" > /dev/null\nif [ $? != 0 ] ; then\n    # print error to STDERR\n    echo \"error: The sandbox is not in sync with the Podfile.lock. Run 'pod install' or update your CocoaPods installation.\" >&2\n    exit 1\nfi\n# This output is used by Xcode 'outputs' to avoid re-running this script phase.\necho \"SUCCESS\" > \"${SCRIPT_OUTPUT_FILE_0}\"\n";
			showEnvVarsInLog = 0;
		};
		D13761D227E0D3470078F1D0 /* ShellScript */ = {
			isa = PBXShellScriptBuildPhase;
			buildActionMask = 2147483647;
			files = (
			);
			inputFileListPaths = (
			);
			inputPaths = (
			);
			outputFileListPaths = (
			);
			outputPaths = (
			);
			runOnlyForDeploymentPostprocessing = 0;
			shellPath = /bin/sh;
			shellScript = "# Type a script or drag a script file from your workspace to insert its path.\nexport PATH=\"$PATH:/opt/homebrew/bin\"\n\nif which swiftlint >/dev/null; then\n  swiftlint\nelse\n  echo \"warning: SwiftLint not installed, download from https://github.com/realm/SwiftLint\"\nfi\n";
		};
		D32E9228794A9D6336775739 /* [CP] Embed Pods Frameworks */ = {
			isa = PBXShellScriptBuildPhase;
			buildActionMask = 2147483647;
			files = (
			);
			inputFileListPaths = (
				"${PODS_ROOT}/Target Support Files/Pods-WBooks/Pods-WBooks-frameworks-${CONFIGURATION}-input-files.xcfilelist",
			);
			name = "[CP] Embed Pods Frameworks";
			outputFileListPaths = (
				"${PODS_ROOT}/Target Support Files/Pods-WBooks/Pods-WBooks-frameworks-${CONFIGURATION}-output-files.xcfilelist",
			);
			runOnlyForDeploymentPostprocessing = 0;
			shellPath = /bin/sh;
			shellScript = "\"${PODS_ROOT}/Target Support Files/Pods-WBooks/Pods-WBooks-frameworks.sh\"\n";
			showEnvVarsInLog = 0;
		};
/* End PBXShellScriptBuildPhase section */

/* Begin PBXSourcesBuildPhase section */
		D1DC75822799E69B002BB45E /* Sources */ = {
			isa = PBXSourcesBuildPhase;
			buildActionMask = 2147483647;
			files = (
				D19F46C827F633DF00C78465 /* BookDetailsCardViewModel.swift in Sources */,
				D110BE2C27F496D200EA28D9 /* UserRepository.swift in Sources */,
				D1DC758E2799E69B002BB45E /* LoginViewController.swift in Sources */,
				D13761D127DFCFC70078F1D0 /* LibraryViewModel.swift in Sources */,
				D19C957227F3867700064F91 /* CommentRepository.swift in Sources */,
				D1B6033D27FF5BC00094063F /* ViewsExtensions.swift in Sources */,
				D19F46CA27F648E300C78465 /* BookCommentsCardView.swift in Sources */,
				D1CF93DA27F227D6009E3F84 /* RentResponse.swift in Sources */,
				D118F00027EE3675000FF5D6 /* BookDetailsViewController.swift in Sources */,
				D1DC758A2799E69B002BB45E /* AppDelegate.swift in Sources */,
				D13761CD27DFC5630078F1D0 /* Book.swift in Sources */,
				D12DDD8027EBAB0C00E58C77 /* BookDetailsView.swift in Sources */,
				D1CCAF7527E4F83A00360B12 /* LibraryView.swift in Sources */,
				D1150D6327CFEE9700BF7A5C /* LibraryViewController.swift in Sources */,
				D118F00227EE3692000FF5D6 /* BookDetailsViewModel.swift in Sources */,
				D187883C27DA8A5F005399D4 /* TabBarController.swift in Sources */,
				D1DC758C2799E69B002BB45E /* SceneDelegate.swift in Sources */,
				D1B6033F27FF68250094063F /* ButtonsExtensions.swift in Sources */,
				D19C956F27F37BC900064F91 /* BookCommentsCell.swift in Sources */,
				D13E89DD27E8EF75006995D9 /* LoginView.swift in Sources */,
				D14E68D927FB2AF8001F0849 /* ImageConstants.swift in Sources */,
				D19F46C627F633B900C78465 /* BookDetailsCardViewController.swift in Sources */,
				D19C957427F386C000064F91 /* Comment.swift in Sources */,
				D1F454DC27E9FD6C00EDD6CC /* BookRepository.swift in Sources */,
				D19F46D027F6494400C78465 /* BookCommentsCardViewController.swift in Sources */,
				D1156E39280498160029FAB8 /* BookCommentsCellModel.swift in Sources */,
				D1CF93D627F204E4009E3F84 /* RentRepository.swift in Sources */,
				D19F46C227F6335300C78465 /* BookDetailsCardView.swift in Sources */,
				D1CF93D827F2262A009E3F84 /* Rent.swift in Sources */,
				D19F46CE27F6490E00C78465 /* BookCommentsCardViewModel.swift in Sources */,
				D1150D6627D0F42600BF7A5C /* LibraryViewCell.swift in Sources */,
				D19C957727F38FE000064F91 /* ColorsConstants.swift in Sources */,
				D110BE2927F4963200EA28D9 /* User.swift in Sources */,
			);
			runOnlyForDeploymentPostprocessing = 0;
		};
		D1DC75982799E6A4002BB45E /* Sources */ = {
			isa = PBXSourcesBuildPhase;
			buildActionMask = 2147483647;
			files = (
				D1DC75A12799E6A4002BB45E /* WBooksTests.swift in Sources */,
			);
			runOnlyForDeploymentPostprocessing = 0;
		};
		D1DC75A22799E6A4002BB45E /* Sources */ = {
			isa = PBXSourcesBuildPhase;
			buildActionMask = 2147483647;
			files = (
				D1DC75AB2799E6A4002BB45E /* WBooksUITests.swift in Sources */,
				D1DC75AD2799E6A4002BB45E /* WBooksUITestsLaunchTests.swift in Sources */,
			);
			runOnlyForDeploymentPostprocessing = 0;
		};
/* End PBXSourcesBuildPhase section */

/* Begin PBXTargetDependency section */
		D1DC759E2799E6A4002BB45E /* PBXTargetDependency */ = {
			isa = PBXTargetDependency;
			target = D1DC75852799E69B002BB45E /* WBooks */;
			targetProxy = D1DC759D2799E6A4002BB45E /* PBXContainerItemProxy */;
		};
		D1DC75A82799E6A4002BB45E /* PBXTargetDependency */ = {
			isa = PBXTargetDependency;
			target = D1DC75852799E69B002BB45E /* WBooks */;
			targetProxy = D1DC75A72799E6A4002BB45E /* PBXContainerItemProxy */;
		};
/* End PBXTargetDependency section */

/* Begin PBXVariantGroup section */
		D187883927DA744C005399D4 /* Localizable.strings */ = {
			isa = PBXVariantGroup;
			children = (
				D187883827DA744C005399D4 /* en */,
				D187883A27DA7533005399D4 /* es */,
			);
			name = Localizable.strings;
			sourceTree = "<group>";
		};
		D1DC75942799E6A3002BB45E /* LaunchScreen.storyboard */ = {
			isa = PBXVariantGroup;
			children = (
				D1DC75952799E6A3002BB45E /* Base */,
			);
			name = LaunchScreen.storyboard;
			sourceTree = "<group>";
		};
/* End PBXVariantGroup section */

/* Begin XCBuildConfiguration section */
		D1DC75AE2799E6A4002BB45E /* Debug */ = {
			isa = XCBuildConfiguration;
			buildSettings = {
				ALWAYS_SEARCH_USER_PATHS = NO;
				CLANG_ANALYZER_LOCALIZABILITY_NONLOCALIZED = YES;
				CLANG_ANALYZER_NONNULL = YES;
				CLANG_ANALYZER_NUMBER_OBJECT_CONVERSION = YES_AGGRESSIVE;
				CLANG_CXX_LANGUAGE_STANDARD = "gnu++17";
				CLANG_CXX_LIBRARY = "libc++";
				CLANG_ENABLE_MODULES = YES;
				CLANG_ENABLE_OBJC_ARC = YES;
				CLANG_ENABLE_OBJC_WEAK = YES;
				CLANG_WARN_BLOCK_CAPTURE_AUTORELEASING = YES;
				CLANG_WARN_BOOL_CONVERSION = YES;
				CLANG_WARN_COMMA = YES;
				CLANG_WARN_CONSTANT_CONVERSION = YES;
				CLANG_WARN_DEPRECATED_OBJC_IMPLEMENTATIONS = YES;
				CLANG_WARN_DIRECT_OBJC_ISA_USAGE = YES_ERROR;
				CLANG_WARN_DOCUMENTATION_COMMENTS = YES;
				CLANG_WARN_EMPTY_BODY = YES;
				CLANG_WARN_ENUM_CONVERSION = YES;
				CLANG_WARN_INFINITE_RECURSION = YES;
				CLANG_WARN_INT_CONVERSION = YES;
				CLANG_WARN_NON_LITERAL_NULL_CONVERSION = YES;
				CLANG_WARN_OBJC_IMPLICIT_RETAIN_SELF = YES;
				CLANG_WARN_OBJC_LITERAL_CONVERSION = YES;
				CLANG_WARN_OBJC_ROOT_CLASS = YES_ERROR;
				CLANG_WARN_QUOTED_INCLUDE_IN_FRAMEWORK_HEADER = YES;
				CLANG_WARN_RANGE_LOOP_ANALYSIS = YES;
				CLANG_WARN_STRICT_PROTOTYPES = YES;
				CLANG_WARN_SUSPICIOUS_MOVE = YES;
				CLANG_WARN_UNGUARDED_AVAILABILITY = YES_AGGRESSIVE;
				CLANG_WARN_UNREACHABLE_CODE = YES;
				CLANG_WARN__DUPLICATE_METHOD_MATCH = YES;
				COPY_PHASE_STRIP = NO;
				DEBUG_INFORMATION_FORMAT = dwarf;
				ENABLE_STRICT_OBJC_MSGSEND = YES;
				ENABLE_TESTABILITY = YES;
				GCC_C_LANGUAGE_STANDARD = gnu11;
				GCC_DYNAMIC_NO_PIC = NO;
				GCC_NO_COMMON_BLOCKS = YES;
				GCC_OPTIMIZATION_LEVEL = 0;
				GCC_PREPROCESSOR_DEFINITIONS = (
					"DEBUG=1",
					"$(inherited)",
				);
				GCC_WARN_64_TO_32_BIT_CONVERSION = YES;
				GCC_WARN_ABOUT_RETURN_TYPE = YES_ERROR;
				GCC_WARN_UNDECLARED_SELECTOR = YES;
				GCC_WARN_UNINITIALIZED_AUTOS = YES_AGGRESSIVE;
				GCC_WARN_UNUSED_FUNCTION = YES;
				GCC_WARN_UNUSED_VARIABLE = YES;
				IPHONEOS_DEPLOYMENT_TARGET = 15.2;
				MTL_ENABLE_DEBUG_INFO = INCLUDE_SOURCE;
				MTL_FAST_MATH = YES;
				ONLY_ACTIVE_ARCH = YES;
				SDKROOT = iphoneos;
				SWIFT_ACTIVE_COMPILATION_CONDITIONS = DEBUG;
				SWIFT_OPTIMIZATION_LEVEL = "-Onone";
			};
			name = Debug;
		};
		D1DC75AF2799E6A4002BB45E /* Release */ = {
			isa = XCBuildConfiguration;
			buildSettings = {
				ALWAYS_SEARCH_USER_PATHS = NO;
				CLANG_ANALYZER_LOCALIZABILITY_NONLOCALIZED = YES;
				CLANG_ANALYZER_NONNULL = YES;
				CLANG_ANALYZER_NUMBER_OBJECT_CONVERSION = YES_AGGRESSIVE;
				CLANG_CXX_LANGUAGE_STANDARD = "gnu++17";
				CLANG_CXX_LIBRARY = "libc++";
				CLANG_ENABLE_MODULES = YES;
				CLANG_ENABLE_OBJC_ARC = YES;
				CLANG_ENABLE_OBJC_WEAK = YES;
				CLANG_WARN_BLOCK_CAPTURE_AUTORELEASING = YES;
				CLANG_WARN_BOOL_CONVERSION = YES;
				CLANG_WARN_COMMA = YES;
				CLANG_WARN_CONSTANT_CONVERSION = YES;
				CLANG_WARN_DEPRECATED_OBJC_IMPLEMENTATIONS = YES;
				CLANG_WARN_DIRECT_OBJC_ISA_USAGE = YES_ERROR;
				CLANG_WARN_DOCUMENTATION_COMMENTS = YES;
				CLANG_WARN_EMPTY_BODY = YES;
				CLANG_WARN_ENUM_CONVERSION = YES;
				CLANG_WARN_INFINITE_RECURSION = YES;
				CLANG_WARN_INT_CONVERSION = YES;
				CLANG_WARN_NON_LITERAL_NULL_CONVERSION = YES;
				CLANG_WARN_OBJC_IMPLICIT_RETAIN_SELF = YES;
				CLANG_WARN_OBJC_LITERAL_CONVERSION = YES;
				CLANG_WARN_OBJC_ROOT_CLASS = YES_ERROR;
				CLANG_WARN_QUOTED_INCLUDE_IN_FRAMEWORK_HEADER = YES;
				CLANG_WARN_RANGE_LOOP_ANALYSIS = YES;
				CLANG_WARN_STRICT_PROTOTYPES = YES;
				CLANG_WARN_SUSPICIOUS_MOVE = YES;
				CLANG_WARN_UNGUARDED_AVAILABILITY = YES_AGGRESSIVE;
				CLANG_WARN_UNREACHABLE_CODE = YES;
				CLANG_WARN__DUPLICATE_METHOD_MATCH = YES;
				COPY_PHASE_STRIP = NO;
				DEBUG_INFORMATION_FORMAT = "dwarf-with-dsym";
				ENABLE_NS_ASSERTIONS = NO;
				ENABLE_STRICT_OBJC_MSGSEND = YES;
				GCC_C_LANGUAGE_STANDARD = gnu11;
				GCC_NO_COMMON_BLOCKS = YES;
				GCC_WARN_64_TO_32_BIT_CONVERSION = YES;
				GCC_WARN_ABOUT_RETURN_TYPE = YES_ERROR;
				GCC_WARN_UNDECLARED_SELECTOR = YES;
				GCC_WARN_UNINITIALIZED_AUTOS = YES_AGGRESSIVE;
				GCC_WARN_UNUSED_FUNCTION = YES;
				GCC_WARN_UNUSED_VARIABLE = YES;
				IPHONEOS_DEPLOYMENT_TARGET = 15.2;
				MTL_ENABLE_DEBUG_INFO = NO;
				MTL_FAST_MATH = YES;
				SDKROOT = iphoneos;
				SWIFT_COMPILATION_MODE = wholemodule;
				SWIFT_OPTIMIZATION_LEVEL = "-O";
				VALIDATE_PRODUCT = YES;
			};
			name = Release;
		};
		D1DC75B12799E6A4002BB45E /* Debug */ = {
			isa = XCBuildConfiguration;
			baseConfigurationReference = 58945B4CC189852C13151444 /* Pods-WBooks.debug.xcconfig */;
			buildSettings = {
				ASSETCATALOG_COMPILER_APPICON_NAME = AppIcon;
				ASSETCATALOG_COMPILER_GLOBAL_ACCENT_COLOR_NAME = AccentColor;
				CODE_SIGN_STYLE = Automatic;
				CURRENT_PROJECT_VERSION = 1;
				DEVELOPMENT_TEAM = "";
				GENERATE_INFOPLIST_FILE = YES;
				INFOPLIST_FILE = WBooks/Info.plist;
				INFOPLIST_KEY_CFBundleDisplayName = "";
				INFOPLIST_KEY_UIApplicationSupportsIndirectInputEvents = YES;
				INFOPLIST_KEY_UILaunchStoryboardName = LaunchScreen;
				INFOPLIST_KEY_UISupportedInterfaceOrientations_iPad = "UIInterfaceOrientationPortrait UIInterfaceOrientationPortraitUpsideDown UIInterfaceOrientationLandscapeLeft UIInterfaceOrientationLandscapeRight";
				INFOPLIST_KEY_UISupportedInterfaceOrientations_iPhone = "UIInterfaceOrientationPortrait UIInterfaceOrientationLandscapeLeft UIInterfaceOrientationLandscapeRight";
				LD_RUNPATH_SEARCH_PATHS = (
					"$(inherited)",
					"@executable_path/Frameworks",
				);
				MARKETING_VERSION = 1.0;
				PRODUCT_BUNDLE_IDENTIFIER = sebastian.spadea.WBooks;
				PRODUCT_NAME = "$(TARGET_NAME)";
				SWIFT_EMIT_LOC_STRINGS = YES;
				SWIFT_VERSION = 5.0;
				TARGETED_DEVICE_FAMILY = "1,2";
			};
			name = Debug;
		};
		D1DC75B22799E6A4002BB45E /* Release */ = {
			isa = XCBuildConfiguration;
			baseConfigurationReference = 37FCB45506521D9C12778141 /* Pods-WBooks.release.xcconfig */;
			buildSettings = {
				ASSETCATALOG_COMPILER_APPICON_NAME = AppIcon;
				ASSETCATALOG_COMPILER_GLOBAL_ACCENT_COLOR_NAME = AccentColor;
				CODE_SIGN_STYLE = Automatic;
				CURRENT_PROJECT_VERSION = 1;
				DEVELOPMENT_TEAM = "";
				GENERATE_INFOPLIST_FILE = YES;
				INFOPLIST_FILE = WBooks/Info.plist;
				INFOPLIST_KEY_CFBundleDisplayName = "";
				INFOPLIST_KEY_UIApplicationSupportsIndirectInputEvents = YES;
				INFOPLIST_KEY_UILaunchStoryboardName = LaunchScreen;
				INFOPLIST_KEY_UISupportedInterfaceOrientations_iPad = "UIInterfaceOrientationPortrait UIInterfaceOrientationPortraitUpsideDown UIInterfaceOrientationLandscapeLeft UIInterfaceOrientationLandscapeRight";
				INFOPLIST_KEY_UISupportedInterfaceOrientations_iPhone = "UIInterfaceOrientationPortrait UIInterfaceOrientationLandscapeLeft UIInterfaceOrientationLandscapeRight";
				LD_RUNPATH_SEARCH_PATHS = (
					"$(inherited)",
					"@executable_path/Frameworks",
				);
				MARKETING_VERSION = 1.0;
				PRODUCT_BUNDLE_IDENTIFIER = sebastian.spadea.WBooks;
				PRODUCT_NAME = "$(TARGET_NAME)";
				SWIFT_EMIT_LOC_STRINGS = YES;
				SWIFT_VERSION = 5.0;
				TARGETED_DEVICE_FAMILY = "1,2";
			};
			name = Release;
		};
		D1DC75B42799E6A4002BB45E /* Debug */ = {
			isa = XCBuildConfiguration;
			baseConfigurationReference = D9CED803FF2189668337C586 /* Pods-WBooksTests.debug.xcconfig */;
			buildSettings = {
				ALWAYS_EMBED_SWIFT_STANDARD_LIBRARIES = YES;
				BUNDLE_LOADER = "$(TEST_HOST)";
				CODE_SIGN_STYLE = Automatic;
				CURRENT_PROJECT_VERSION = 1;
				GENERATE_INFOPLIST_FILE = YES;
				IPHONEOS_DEPLOYMENT_TARGET = 15.2;
				MARKETING_VERSION = 1.0;
				PRODUCT_BUNDLE_IDENTIFIER = sebastian.spadea.WBooksTests;
				PRODUCT_NAME = "$(TARGET_NAME)";
				SWIFT_EMIT_LOC_STRINGS = NO;
				SWIFT_VERSION = 5.0;
				TARGETED_DEVICE_FAMILY = "1,2";
				TEST_HOST = "$(BUILT_PRODUCTS_DIR)/WBooks.app/WBooks";
			};
			name = Debug;
		};
		D1DC75B52799E6A4002BB45E /* Release */ = {
			isa = XCBuildConfiguration;
			baseConfigurationReference = 30A0B9DD64F1CDA05C6D688A /* Pods-WBooksTests.release.xcconfig */;
			buildSettings = {
				ALWAYS_EMBED_SWIFT_STANDARD_LIBRARIES = YES;
				BUNDLE_LOADER = "$(TEST_HOST)";
				CODE_SIGN_STYLE = Automatic;
				CURRENT_PROJECT_VERSION = 1;
				GENERATE_INFOPLIST_FILE = YES;
				IPHONEOS_DEPLOYMENT_TARGET = 15.2;
				MARKETING_VERSION = 1.0;
				PRODUCT_BUNDLE_IDENTIFIER = sebastian.spadea.WBooksTests;
				PRODUCT_NAME = "$(TARGET_NAME)";
				SWIFT_EMIT_LOC_STRINGS = NO;
				SWIFT_VERSION = 5.0;
				TARGETED_DEVICE_FAMILY = "1,2";
				TEST_HOST = "$(BUILT_PRODUCTS_DIR)/WBooks.app/WBooks";
			};
			name = Release;
		};
		D1DC75B72799E6A4002BB45E /* Debug */ = {
			isa = XCBuildConfiguration;
			baseConfigurationReference = 19B6FA304254D4AF4F66B1D5 /* Pods-WBooks-WBooksUITests.debug.xcconfig */;
			buildSettings = {
				ALWAYS_EMBED_SWIFT_STANDARD_LIBRARIES = YES;
				CODE_SIGN_STYLE = Automatic;
				CURRENT_PROJECT_VERSION = 1;
				GENERATE_INFOPLIST_FILE = YES;
				MARKETING_VERSION = 1.0;
				PRODUCT_BUNDLE_IDENTIFIER = sebastian.spadea.WBooksUITests;
				PRODUCT_NAME = "$(TARGET_NAME)";
				SWIFT_EMIT_LOC_STRINGS = NO;
				SWIFT_VERSION = 5.0;
				TARGETED_DEVICE_FAMILY = "1,2";
				TEST_TARGET_NAME = WBooks;
			};
			name = Debug;
		};
		D1DC75B82799E6A4002BB45E /* Release */ = {
			isa = XCBuildConfiguration;
			baseConfigurationReference = 1CCC6604E69DDCBFB733402B /* Pods-WBooks-WBooksUITests.release.xcconfig */;
			buildSettings = {
				ALWAYS_EMBED_SWIFT_STANDARD_LIBRARIES = YES;
				CODE_SIGN_STYLE = Automatic;
				CURRENT_PROJECT_VERSION = 1;
				GENERATE_INFOPLIST_FILE = YES;
				MARKETING_VERSION = 1.0;
				PRODUCT_BUNDLE_IDENTIFIER = sebastian.spadea.WBooksUITests;
				PRODUCT_NAME = "$(TARGET_NAME)";
				SWIFT_EMIT_LOC_STRINGS = NO;
				SWIFT_VERSION = 5.0;
				TARGETED_DEVICE_FAMILY = "1,2";
				TEST_TARGET_NAME = WBooks;
			};
			name = Release;
		};
/* End XCBuildConfiguration section */

/* Begin XCConfigurationList section */
		D1DC75812799E69B002BB45E /* Build configuration list for PBXProject "WBooks" */ = {
			isa = XCConfigurationList;
			buildConfigurations = (
				D1DC75AE2799E6A4002BB45E /* Debug */,
				D1DC75AF2799E6A4002BB45E /* Release */,
			);
			defaultConfigurationIsVisible = 0;
			defaultConfigurationName = Release;
		};
		D1DC75B02799E6A4002BB45E /* Build configuration list for PBXNativeTarget "WBooks" */ = {
			isa = XCConfigurationList;
			buildConfigurations = (
				D1DC75B12799E6A4002BB45E /* Debug */,
				D1DC75B22799E6A4002BB45E /* Release */,
			);
			defaultConfigurationIsVisible = 0;
			defaultConfigurationName = Release;
		};
		D1DC75B32799E6A4002BB45E /* Build configuration list for PBXNativeTarget "WBooksTests" */ = {
			isa = XCConfigurationList;
			buildConfigurations = (
				D1DC75B42799E6A4002BB45E /* Debug */,
				D1DC75B52799E6A4002BB45E /* Release */,
			);
			defaultConfigurationIsVisible = 0;
			defaultConfigurationName = Release;
		};
		D1DC75B62799E6A4002BB45E /* Build configuration list for PBXNativeTarget "WBooksUITests" */ = {
			isa = XCConfigurationList;
			buildConfigurations = (
				D1DC75B72799E6A4002BB45E /* Debug */,
				D1DC75B82799E6A4002BB45E /* Release */,
			);
			defaultConfigurationIsVisible = 0;
			defaultConfigurationName = Release;
		};
/* End XCConfigurationList section */
	};
	rootObject = D1DC757E2799E69B002BB45E /* Project object */;
}
